[[package]]
category = "main"
description = "Composable command line interface toolkit"
name = "click"
optional = false
python-versions = ">=2.7, !=3.0.*, !=3.1.*, !=3.2.*, !=3.3.*, !=3.4.*"
version = "7.1.2"

[[package]]
category = "main"
description = "Cross-platform colored terminal text."
marker = "sys_platform == \"win32\""
name = "colorama"
optional = false
python-versions = ">=2.7, !=3.0.*, !=3.1.*, !=3.2.*, !=3.3.*, !=3.4.*"
version = "0.4.3"

[[package]]
category = "main"
description = "cssselect parses CSS3 Selectors and translates them to XPath 1.0"
name = "cssselect"
optional = false
python-versions = ">=2.7, !=3.0.*, !=3.1.*, !=3.2.*, !=3.3.*"
version = "1.1.0"

[[package]]
category = "main"
description = "A simple framework for building complex web applications."
name = "flask"
optional = false
python-versions = ">=2.7, !=3.0.*, !=3.1.*, !=3.2.*, !=3.3.*, !=3.4.*"
version = "1.1.2"

[package.dependencies]
Jinja2 = ">=2.10.1"
Werkzeug = ">=0.15"
click = ">=5.1"
itsdangerous = ">=0.24"

[package.extras]
dev = ["pytest", "coverage", "tox", "sphinx", "pallets-sphinx-themes", "sphinxcontrib-log-cabinet", "sphinx-issues"]
docs = ["sphinx", "pallets-sphinx-themes", "sphinxcontrib-log-cabinet", "sphinx-issues"]
dotenv = ["python-dotenv"]

[[package]]
category = "main"
description = "A Flask extension adding a decorator for CORS support"
name = "flask-cors"
optional = false
python-versions = "*"
version = "3.0.9"

[package.dependencies]
Flask = ">=0.9"
Six = "*"

[[package]]
category = "main"
description = "Various helpers to pass data to untrusted environments and back."
name = "itsdangerous"
optional = false
python-versions = ">=2.7, !=3.0.*, !=3.1.*, !=3.2.*, !=3.3.*"
version = "1.1.0"

[[package]]
category = "main"
description = "A very fast and expressive template engine."
name = "jinja2"
optional = false
python-versions = ">=2.7, !=3.0.*, !=3.1.*, !=3.2.*, !=3.3.*, !=3.4.*"
version = "2.11.2"

[package.dependencies]
MarkupSafe = ">=0.23"

[package.extras]
i18n = ["Babel (>=0.8)"]

[[package]]
category = "main"
description = "Python logging made (stupidly) simple"
name = "loguru"
optional = false
python-versions = ">=3.5"
version = "0.5.3"

[package.dependencies]
colorama = ">=0.3.4"
win32-setctime = ">=1.0.0"

[package.extras]
dev = ["codecov (>=2.0.15)", "colorama (>=0.3.4)", "flake8 (>=3.7.7)", "tox (>=3.9.0)", "tox-travis (>=0.12)", "pytest (>=4.6.2)", "pytest-cov (>=2.7.1)", "Sphinx (>=2.2.1)", "sphinx-autobuild (>=0.7.1)", "sphinx-rtd-theme (>=0.4.3)", "black (>=19.10b0)", "isort (>=5.1.1)"]

[[package]]
category = "main"
description = "Powerful and Pythonic XML processing library combining libxml2/libxslt with the ElementTree API."
name = "lxml"
optional = false
python-versions = ">=2.7, !=3.0.*, !=3.1.*, !=3.2.*, !=3.3.*, != 3.4.*"
version = "4.5.2"

[package.extras]
cssselect = ["cssselect (>=0.7)"]
html5 = ["html5lib"]
htmlsoup = ["beautifulsoup4"]
source = ["Cython (>=0.29.7)"]

[[package]]
category = "main"
description = "Safely add untrusted strings to HTML/XML markup."
name = "markupsafe"
optional = false
python-versions = ">=2.7,!=3.0.*,!=3.1.*,!=3.2.*,!=3.3.*"
version = "1.1.1"

[[package]]
category = "main"
description = "MongoEngine is a Python Object-Document Mapper for working with MongoDB."
name = "mongoengine"
optional = false
python-versions = ">=3.5"
version = "0.20.0"

[package.dependencies]
pymongo = ">=3.4,<4.0"

[[package]]
category = "main"
description = "parse() is the opposite of format()"
name = "parse"
optional = false
python-versions = "*"
version = "1.18.0"

[[package]]
category = "main"
description = "A simple Python library for easily displaying tabular data in a visually appealing ASCII table format"
name = "prettytable"
optional = false
python-versions = ">=2.7, !=3.0.*, !=3.1.*, !=3.2.*, !=3.3.*, !=3.4.*"
version = "1.0.0"

[package.dependencies]
wcwidth = "*"

[package.extras]
tests = ["pytest", "pytest-cov"]

[[package]]
category = "main"
description = "Python options, make charting easier"
name = "pyecharts"
optional = false
python-versions = "*"
version = "1.8.1"

[package.dependencies]
jinja2 = "*"
prettytable = "*"
simplejson = "*"

[package.extras]
images = ["pil"]
phantomjs = ["snapshot-phantomjs"]
pyppeteer = ["snapshot-pyppeteer"]
selenium = ["snapshot-selenium"]

[[package]]
category = "main"
description = "Python driver for MongoDB <http://www.mongodb.org>"
name = "pymongo"
optional = false
python-versions = ">=2.7,!=3.0.*,!=3.1.*,!=3.2.*,!=3.3.*"
version = "3.11.0"

[package.extras]
aws = ["pymongo-auth-aws (<2.0.0)"]
encryption = ["pymongocrypt (<2.0.0)"]
gssapi = ["pykerberos"]
ocsp = ["pyopenssl (>=17.2.0)", "requests (<3.0.0)", "service-identity (>=18.1.0)"]
snappy = ["python-snappy"]
srv = ["dnspython (>=1.16.0,<1.17.0)"]
tls = ["ipaddress"]
zstd = ["zstandard"]

[[package]]
category = "main"
description = "A jquery-like library for python"
name = "pyquery"
optional = false
python-versions = "*"
version = "1.4.1"

[package.dependencies]
cssselect = ">0.7.9"
lxml = ">=2.1"

[[package]]
category = "main"
description = "Python bindings for Selenium"
name = "selenium"
optional = false
python-versions = "*"
version = "3.141.0"

[package.dependencies]
urllib3 = "*"

[[package]]
category = "main"
description = "Simple, fast, extensible JSON encoder/decoder for Python"
name = "simplejson"
optional = false
python-versions = ">=2.5, !=3.0.*, !=3.1.*, !=3.2.*"
version = "3.17.2"

[[package]]
category = "main"
description = "Python 2 and 3 compatibility utilities"
name = "six"
optional = false
python-versions = ">=2.7, !=3.0.*, !=3.1.*, !=3.2.*"
version = "1.15.0"

[[package]]
category = "main"
description = "HTTP library with thread-safe connection pooling, file post, and more."
name = "urllib3"
optional = false
python-versions = ">=2.7, !=3.0.*, !=3.1.*, !=3.2.*, !=3.3.*, !=3.4.*, <4"
version = "1.25.10"

[package.extras]
brotli = ["brotlipy (>=0.6.0)"]
secure = ["certifi", "cryptography (>=1.3.4)", "idna (>=2.0.0)", "pyOpenSSL (>=0.14)", "ipaddress"]
socks = ["PySocks (>=1.5.6,<1.5.7 || >1.5.7,<2.0)"]

[[package]]
category = "main"
description = "Measures the displayed width of unicode strings in a terminal"
name = "wcwidth"
optional = false
python-versions = "*"
version = "0.2.5"

[[package]]
category = "main"
description = "The comprehensive WSGI web application library."
name = "werkzeug"
optional = false
python-versions = ">=2.7, !=3.0.*, !=3.1.*, !=3.2.*, !=3.3.*, !=3.4.*"
version = "1.0.1"

[package.extras]
dev = ["pytest", "pytest-timeout", "coverage", "tox", "sphinx", "pallets-sphinx-themes", "sphinx-issues"]
watchdog = ["watchdog"]

[[package]]
category = "main"
description = "A small Python utility to set file creation time on Windows"
marker = "sys_platform == \"win32\""
name = "win32-setctime"
optional = false
python-versions = ">=3.5"
version = "1.0.3"

[package.extras]
dev = ["pytest (>=4.6.2)", "black (>=19.3b0)"]

[metadata]
content-hash = "c924a974646310bba432b2490a90e5ea225ef552bd102f90a6bd9de31730d2c9"
lock-version = "1.0"
python-versions = "^3.8"

[metadata.files]
click = [
    {file = "click-7.1.2-py2.py3-none-any.whl", hash = "sha256:dacca89f4bfadd5de3d7489b7c8a566eee0d3676333fbb50030263894c38c0dc"},
    {file = "click-7.1.2.tar.gz", hash = "sha256:d2b5255c7c6349bc1bd1e59e08cd12acbbd63ce649f2588755783aa94dfb6b1a"},
]
colorama = [
    {file = "colorama-0.4.3-py2.py3-none-any.whl", hash = "sha256:7d73d2a99753107a36ac6b455ee49046802e59d9d076ef8e47b61499fa29afff"},
    {file = "colorama-0.4.3.tar.gz", hash = "sha256:e96da0d330793e2cb9485e9ddfd918d456036c7149416295932478192f4436a1"},
]
cssselect = [
    {file = "cssselect-1.1.0-py2.py3-none-any.whl", hash = "sha256:f612ee47b749c877ebae5bb77035d8f4202c6ad0f0fc1271b3c18ad6c4468ecf"},
    {file = "cssselect-1.1.0.tar.gz", hash = "sha256:f95f8dedd925fd8f54edb3d2dfb44c190d9d18512377d3c1e2388d16126879bc"},
]
flask = [
    {file = "Flask-1.1.2-py2.py3-none-any.whl", hash = "sha256:8a4fdd8936eba2512e9c85df320a37e694c93945b33ef33c89946a340a238557"},
    {file = "Flask-1.1.2.tar.gz", hash = "sha256:4efa1ae2d7c9865af48986de8aeb8504bf32c7f3d6fdc9353d34b21f4b127060"},
]
flask-cors = [
    {file = "Flask-Cors-3.0.9.tar.gz", hash = "sha256:6bcfc100288c5d1bcb1dbb854babd59beee622ffd321e444b05f24d6d58466b8"},
    {file = "Flask_Cors-3.0.9-py2.py3-none-any.whl", hash = "sha256:cee4480aaee421ed029eaa788f4049e3e26d15b5affb6a880dade6bafad38324"},
]
itsdangerous = [
    {file = "itsdangerous-1.1.0-py2.py3-none-any.whl", hash = "sha256:b12271b2047cb23eeb98c8b5622e2e5c5e9abd9784a153e9d8ef9cb4dd09d749"},
    {file = "itsdangerous-1.1.0.tar.gz", hash = "sha256:321b033d07f2a4136d3ec762eac9f16a10ccd60f53c0c91af90217ace7ba1f19"},
]
jinja2 = [
    {file = "Jinja2-2.11.2-py2.py3-none-any.whl", hash = "sha256:f0a4641d3cf955324a89c04f3d94663aa4d638abe8f733ecd3582848e1c37035"},
    {file = "Jinja2-2.11.2.tar.gz", hash = "sha256:89aab215427ef59c34ad58735269eb58b1a5808103067f7bb9d5836c651b3bb0"},
]
loguru = [
    {file = "loguru-0.5.3-py3-none-any.whl", hash = "sha256:f8087ac396b5ee5f67c963b495d615ebbceac2796379599820e324419d53667c"},
    {file = "loguru-0.5.3.tar.gz", hash = "sha256:b28e72ac7a98be3d28ad28570299a393dfcd32e5e3f6a353dec94675767b6319"},
]
lxml = [
    {file = "lxml-4.5.2-cp27-cp27m-macosx_10_9_x86_64.whl", hash = "sha256:74f48ec98430e06c1fa8949b49ebdd8d27ceb9df8d3d1c92e1fdc2773f003f20"},
    {file = "lxml-4.5.2-cp27-cp27m-manylinux1_i686.whl", hash = "sha256:e70d4e467e243455492f5de463b72151cc400710ac03a0678206a5f27e79ddef"},
    {file = "lxml-4.5.2-cp27-cp27m-manylinux1_x86_64.whl", hash = "sha256:7ad7906e098ccd30d8f7068030a0b16668ab8aa5cda6fcd5146d8d20cbaa71b5"},
    {file = "lxml-4.5.2-cp27-cp27m-win32.whl", hash = "sha256:92282c83547a9add85ad658143c76a64a8d339028926d7dc1998ca029c88ea6a"},
    {file = "lxml-4.5.2-cp27-cp27m-win_amd64.whl", hash = "sha256:05a444b207901a68a6526948c7cc8f9fe6d6f24c70781488e32fd74ff5996e3f"},
    {file = "lxml-4.5.2-cp27-cp27mu-manylinux1_i686.whl", hash = "sha256:94150231f1e90c9595ccc80d7d2006c61f90a5995db82bccbca7944fd457f0f6"},
    {file = "lxml-4.5.2-cp27-cp27mu-manylinux1_x86_64.whl", hash = "sha256:bea760a63ce9bba566c23f726d72b3c0250e2fa2569909e2d83cda1534c79443"},
    {file = "lxml-4.5.2-cp35-cp35m-manylinux1_i686.whl", hash = "sha256:c3f511a3c58676147c277eff0224c061dd5a6a8e1373572ac817ac6324f1b1e0"},
    {file = "lxml-4.5.2-cp35-cp35m-manylinux1_x86_64.whl", hash = "sha256:59daa84aef650b11bccd18f99f64bfe44b9f14a08a28259959d33676554065a1"},
    {file = "lxml-4.5.2-cp35-cp35m-manylinux2014_aarch64.whl", hash = "sha256:c9d317efde4bafbc1561509bfa8a23c5cab66c44d49ab5b63ff690f5159b2304"},
    {file = "lxml-4.5.2-cp35-cp35m-win32.whl", hash = "sha256:9dc9006dcc47e00a8a6a029eb035c8f696ad38e40a27d073a003d7d1443f5d88"},
    {file = "lxml-4.5.2-cp35-cp35m-win_amd64.whl", hash = "sha256:08fc93257dcfe9542c0a6883a25ba4971d78297f63d7a5a26ffa34861ca78730"},
    {file = "lxml-4.5.2-cp36-cp36m-macosx_10_9_x86_64.whl", hash = "sha256:121b665b04083a1e85ff1f5243d4a93aa1aaba281bc12ea334d5a187278ceaf1"},
    {file = "lxml-4.5.2-cp36-cp36m-manylinux1_i686.whl", hash = "sha256:5591c4164755778e29e69b86e425880f852464a21c7bb53c7ea453bbe2633bbe"},
    {file = "lxml-4.5.2-cp36-cp36m-manylinux1_x86_64.whl", hash = "sha256:cc411ad324a4486b142c41d9b2b6a722c534096963688d879ea6fa8a35028258"},
    {file = "lxml-4.5.2-cp36-cp36m-manylinux2014_aarch64.whl", hash = "sha256:1fa21263c3aba2b76fd7c45713d4428dbcc7644d73dcf0650e9d344e433741b3"},
    {file = "lxml-4.5.2-cp36-cp36m-win32.whl", hash = "sha256:786aad2aa20de3dbff21aab86b2fb6a7be68064cbbc0219bde414d3a30aa47ae"},
    {file = "lxml-4.5.2-cp36-cp36m-win_amd64.whl", hash = "sha256:e1cacf4796b20865789083252186ce9dc6cc59eca0c2e79cca332bdff24ac481"},
    {file = "lxml-4.5.2-cp37-cp37m-macosx_10_9_x86_64.whl", hash = "sha256:80a38b188d20c0524fe8959c8ce770a8fdf0e617c6912d23fc97c68301bb9aba"},
    {file = "lxml-4.5.2-cp37-cp37m-manylinux1_i686.whl", hash = "sha256:ecc930ae559ea8a43377e8b60ca6f8d61ac532fc57efb915d899de4a67928efd"},
    {file = "lxml-4.5.2-cp37-cp37m-manylinux1_x86_64.whl", hash = "sha256:a76979f728dd845655026ab991df25d26379a1a8fc1e9e68e25c7eda43004bed"},
    {file = "lxml-4.5.2-cp37-cp37m-manylinux2014_aarch64.whl", hash = "sha256:cfd7c5dd3c35c19cec59c63df9571c67c6d6e5c92e0fe63517920e97f61106d1"},
    {file = "lxml-4.5.2-cp37-cp37m-win32.whl", hash = "sha256:5a9c8d11aa2c8f8b6043d845927a51eb9102eb558e3f936df494e96393f5fd3e"},
    {file = "lxml-4.5.2-cp37-cp37m-win_amd64.whl", hash = "sha256:4b4a111bcf4b9c948e020fd207f915c24a6de3f1adc7682a2d92660eb4e84f1a"},
    {file = "lxml-4.5.2-cp38-cp38-macosx_10_9_x86_64.whl", hash = "sha256:5dd20538a60c4cc9a077d3b715bb42307239fcd25ef1ca7286775f95e9e9a46d"},
    {file = "lxml-4.5.2-cp38-cp38-manylinux1_i686.whl", hash = "sha256:2b30aa2bcff8e958cd85d907d5109820b01ac511eae5b460803430a7404e34d7"},
    {file = "lxml-4.5.2-cp38-cp38-manylinux1_x86_64.whl", hash = "sha256:aa8eba3db3d8761db161003e2d0586608092e217151d7458206e243be5a43843"},
    {file = "lxml-4.5.2-cp38-cp38-manylinux2014_aarch64.whl", hash = "sha256:8f0ec6b9b3832e0bd1d57af41f9238ea7709bbd7271f639024f2fc9d3bb01293"},
    {file = "lxml-4.5.2-cp38-cp38-win32.whl", hash = "sha256:107781b213cf7201ec3806555657ccda67b1fccc4261fb889ef7fc56976db81f"},
    {file = "lxml-4.5.2-cp38-cp38-win_amd64.whl", hash = "sha256:f161af26f596131b63b236372e4ce40f3167c1b5b5d459b29d2514bd8c9dc9ee"},
    {file = "lxml-4.5.2.tar.gz", hash = "sha256:cdc13a1682b2a6241080745b1953719e7fe0850b40a5c71ca574f090a1391df6"},
]
markupsafe = [
    {file = "MarkupSafe-1.1.1-cp27-cp27m-macosx_10_6_intel.whl", hash = "sha256:09027a7803a62ca78792ad89403b1b7a73a01c8cb65909cd876f7fcebd79b161"},
    {file = "MarkupSafe-1.1.1-cp27-cp27m-manylinux1_i686.whl", hash = "sha256:e249096428b3ae81b08327a63a485ad0878de3fb939049038579ac0ef61e17e7"},
    {file = "MarkupSafe-1.1.1-cp27-cp27m-manylinux1_x86_64.whl", hash = "sha256:500d4957e52ddc3351cabf489e79c91c17f6e0899158447047588650b5e69183"},
    {file = "MarkupSafe-1.1.1-cp27-cp27m-win32.whl", hash = "sha256:b2051432115498d3562c084a49bba65d97cf251f5a331c64a12ee7e04dacc51b"},
    {file = "MarkupSafe-1.1.1-cp27-cp27m-win_amd64.whl", hash = "sha256:98c7086708b163d425c67c7a91bad6e466bb99d797aa64f965e9d25c12111a5e"},
    {file = "MarkupSafe-1.1.1-cp27-cp27mu-manylinux1_i686.whl", hash = "sha256:cd5df75523866410809ca100dc9681e301e3c27567cf498077e8551b6d20e42f"},
    {file = "MarkupSafe-1.1.1-cp27-cp27mu-manylinux1_x86_64.whl", hash = "sha256:43a55c2930bbc139570ac2452adf3d70cdbb3cfe5912c71cdce1c2c6bbd9c5d1"},
    {file = "MarkupSafe-1.1.1-cp34-cp34m-macosx_10_6_intel.whl", hash = "sha256:1027c282dad077d0bae18be6794e6b6b8c91d58ed8a8d89a89d59693b9131db5"},
    {file = "MarkupSafe-1.1.1-cp34-cp34m-manylinux1_i686.whl", hash = "sha256:62fe6c95e3ec8a7fad637b7f3d372c15ec1caa01ab47926cfdf7a75b40e0eac1"},
    {file = "MarkupSafe-1.1.1-cp34-cp34m-manylinux1_x86_64.whl", hash = "sha256:88e5fcfb52ee7b911e8bb6d6aa2fd21fbecc674eadd44118a9cc3863f938e735"},
    {file = "MarkupSafe-1.1.1-cp34-cp34m-win32.whl", hash = "sha256:ade5e387d2ad0d7ebf59146cc00c8044acbd863725f887353a10df825fc8ae21"},
    {file = "MarkupSafe-1.1.1-cp34-cp34m-win_amd64.whl", hash = "sha256:09c4b7f37d6c648cb13f9230d847adf22f8171b1ccc4d5682398e77f40309235"},
    {file = "MarkupSafe-1.1.1-cp35-cp35m-macosx_10_6_intel.whl", hash = "sha256:79855e1c5b8da654cf486b830bd42c06e8780cea587384cf6545b7d9ac013a0b"},
    {file = "MarkupSafe-1.1.1-cp35-cp35m-manylinux1_i686.whl", hash = "sha256:c8716a48d94b06bb3b2524c2b77e055fb313aeb4ea620c8dd03a105574ba704f"},
    {file = "MarkupSafe-1.1.1-cp35-cp35m-manylinux1_x86_64.whl", hash = "sha256:7c1699dfe0cf8ff607dbdcc1e9b9af1755371f92a68f706051cc8c37d447c905"},
    {file = "MarkupSafe-1.1.1-cp35-cp35m-win32.whl", hash = "sha256:6dd73240d2af64df90aa7c4e7481e23825ea70af4b4922f8ede5b9e35f78a3b1"},
    {file = "MarkupSafe-1.1.1-cp35-cp35m-win_amd64.whl", hash = "sha256:9add70b36c5666a2ed02b43b335fe19002ee5235efd4b8a89bfcf9005bebac0d"},
    {file = "MarkupSafe-1.1.1-cp36-cp36m-macosx_10_6_intel.whl", hash = "sha256:24982cc2533820871eba85ba648cd53d8623687ff11cbb805be4ff7b4c971aff"},
    {file = "MarkupSafe-1.1.1-cp36-cp36m-manylinux1_i686.whl", hash = "sha256:00bc623926325b26bb9605ae9eae8a215691f33cae5df11ca5424f06f2d1f473"},
    {file = "MarkupSafe-1.1.1-cp36-cp36m-manylinux1_x86_64.whl", hash = "sha256:717ba8fe3ae9cc0006d7c451f0bb265ee07739daf76355d06366154ee68d221e"},
    {file = "MarkupSafe-1.1.1-cp36-cp36m-win32.whl", hash = "sha256:535f6fc4d397c1563d08b88e485c3496cf5784e927af890fb3c3aac7f933ec66"},
    {file = "MarkupSafe-1.1.1-cp36-cp36m-win_amd64.whl", hash = "sha256:b1282f8c00509d99fef04d8ba936b156d419be841854fe901d8ae224c59f0be5"},
    {file = "MarkupSafe-1.1.1-cp37-cp37m-macosx_10_6_intel.whl", hash = "sha256:8defac2f2ccd6805ebf65f5eeb132adcf2ab57aa11fdf4c0dd5169a004710e7d"},
    {file = "MarkupSafe-1.1.1-cp37-cp37m-manylinux1_i686.whl", hash = "sha256:46c99d2de99945ec5cb54f23c8cd5689f6d7177305ebff350a58ce5f8de1669e"},
    {file = "MarkupSafe-1.1.1-cp37-cp37m-manylinux1_x86_64.whl", hash = "sha256:ba59edeaa2fc6114428f1637ffff42da1e311e29382d81b339c1817d37ec93c6"},
    {file = "MarkupSafe-1.1.1-cp37-cp37m-win32.whl", hash = "sha256:b00c1de48212e4cc9603895652c5c410df699856a2853135b3967591e4beebc2"},
    {file = "MarkupSafe-1.1.1-cp37-cp37m-win_amd64.whl", hash = "sha256:9bf40443012702a1d2070043cb6291650a0841ece432556f784f004937f0f32c"},
    {file = "MarkupSafe-1.1.1-cp38-cp38-macosx_10_9_x86_64.whl", hash = "sha256:6788b695d50a51edb699cb55e35487e430fa21f1ed838122d722e0ff0ac5ba15"},
    {file = "MarkupSafe-1.1.1-cp38-cp38-manylinux1_i686.whl", hash = "sha256:cdb132fc825c38e1aeec2c8aa9338310d29d337bebbd7baa06889d09a60a1fa2"},
    {file = "MarkupSafe-1.1.1-cp38-cp38-manylinux1_x86_64.whl", hash = "sha256:13d3144e1e340870b25e7b10b98d779608c02016d5184cfb9927a9f10c689f42"},
    {file = "MarkupSafe-1.1.1-cp38-cp38-win32.whl", hash = "sha256:596510de112c685489095da617b5bcbbac7dd6384aeebeda4df6025d0256a81b"},
    {file = "MarkupSafe-1.1.1-cp38-cp38-win_amd64.whl", hash = "sha256:e8313f01ba26fbbe36c7be1966a7b7424942f670f38e666995b88d012765b9be"},
    {file = "MarkupSafe-1.1.1.tar.gz", hash = "sha256:29872e92839765e546828bb7754a68c418d927cd064fd4708fab9fe9c8bb116b"},
]
mongoengine = [
    {file = "mongoengine-0.20.0-py3-none-any.whl", hash = "sha256:6e127f45f71c2bc5e72461ec297a0c20f04c3ee0bf6dd869e336226e325db6ef"},
    {file = "mongoengine-0.20.0.tar.gz", hash = "sha256:db9e5d587e5d74e52851e0e4a53fd744725bfa9918ae6070139f5ba9c62c6edf"},
]
parse = [
    {file = "parse-1.18.0.tar.gz", hash = "sha256:91666032d6723dc5905248417ef0dc9e4c51df9526aaeef271eacad6491f06a4"},
]
prettytable = [
    {file = "prettytable-1.0.0-py2.py3-none-any.whl", hash = "sha256:d3fa464010bf7fec9384d3ea1a1e14398a9e3f2f0c5d052219366897bf6cb19c"},
    {file = "prettytable-1.0.0.tar.gz", hash = "sha256:98a3b74b1980e6a9392498e3a2a5406f6bd836f412843c2be23d9c88671747ac"},
]
pyecharts = [
    {file = "pyecharts-1.8.1-py3-none-any.whl", hash = "sha256:b5340ad2ff8bc339bf59bda4d4d5dcdfa7c5f2c5100ae8db66800cf2345bbd03"},
]
pymongo = [
    {file = "pymongo-3.11.0-cp27-cp27m-macosx_10_15_x86_64.whl", hash = "sha256:7a4a6f5b818988a3917ec4baa91d1143242bdfece8d38305020463955961266a"},
    {file = "pymongo-3.11.0-cp27-cp27m-manylinux1_i686.whl", hash = "sha256:c4869141e20769b65d2d72686e7a7eb141ce9f3168106bed3e7dcced54eb2422"},
    {file = "pymongo-3.11.0-cp27-cp27m-manylinux1_x86_64.whl", hash = "sha256:ef76535776c0708a85258f6dc51d36a2df12633c735f6d197ed7dfcaa7449b99"},
    {file = "pymongo-3.11.0-cp27-cp27m-win32.whl", hash = "sha256:d226e0d4b9192d95079a9a29c04dd81816b1ce8903b8c174a39224fe978547cb"},
    {file = "pymongo-3.11.0-cp27-cp27m-win_amd64.whl", hash = "sha256:68220b81850de8e966d4667d5c325a96c6ac0d6adb3d18935d6e3d325d441f48"},
    {file = "pymongo-3.11.0-cp27-cp27mu-manylinux1_i686.whl", hash = "sha256:f6efca006a81e1197b925a7d7b16b8f61980697bb6746587aad8842865233218"},
    {file = "pymongo-3.11.0-cp27-cp27mu-manylinux1_x86_64.whl", hash = "sha256:7307024b18266b302f4265da84bb1effb5d18999ef35b30d17592959568d5c0a"},
    {file = "pymongo-3.11.0-cp34-cp34m-macosx_10_6_intel.whl", hash = "sha256:8ea13d0348b4c96b437d944d7068d59ed4a6c98aaa6c40d8537a2981313f1c66"},
    {file = "pymongo-3.11.0-cp34-cp34m-manylinux1_i686.whl", hash = "sha256:6a15e2bee5c4188369a87ed6f02de804651152634a46cca91966a11c8abd2550"},
    {file = "pymongo-3.11.0-cp34-cp34m-manylinux1_x86_64.whl", hash = "sha256:d64c98277ea80e4484f1332ab107e8dfd173a7dcf1bdbf10a9cccc97aaab145f"},
    {file = "pymongo-3.11.0-cp34-cp34m-win32.whl", hash = "sha256:83c5a3ecd96a9f3f11cfe6dfcbcec7323265340eb24cc996acaecea129865a3a"},
    {file = "pymongo-3.11.0-cp34-cp34m-win_amd64.whl", hash = "sha256:890b0f1e18dbd898aeb0ab9eae1ab159c6bcbe87f0abb065b0044581d8614062"},
    {file = "pymongo-3.11.0-cp35-cp35m-macosx_10_6_intel.whl", hash = "sha256:9fc17fdac8f1973850d42e51e8ba6149d93b1993ed6768a24f352f926dd3d587"},
    {file = "pymongo-3.11.0-cp35-cp35m-manylinux1_i686.whl", hash = "sha256:421aa1b92c291c429668bd8d8d8ec2bd00f183483a756928e3afbf2b6f941f00"},
    {file = "pymongo-3.11.0-cp35-cp35m-manylinux1_x86_64.whl", hash = "sha256:a2787319dc69854acdfd6452e6a8ba8f929aeb20843c7f090e04159fc18e6245"},
    {file = "pymongo-3.11.0-cp35-cp35m-manylinux2014_aarch64.whl", hash = "sha256:455f4deb00158d5ec8b1d3092df6abb681b225774ab8a59b3510293b4c8530e3"},
    {file = "pymongo-3.11.0-cp35-cp35m-manylinux2014_i686.whl", hash = "sha256:25e617daf47d8dfd4e152c880cd0741cbdb48e51f54b8de9ddbfe74ecd87dd16"},
    {file = "pymongo-3.11.0-cp35-cp35m-manylinux2014_ppc64le.whl", hash = "sha256:7122ffe597b531fb065d3314e704a6fe152b81820ca5f38543e70ffcc95ecfd4"},
    {file = "pymongo-3.11.0-cp35-cp35m-manylinux2014_s390x.whl", hash = "sha256:d0565481dc196986c484a7fb13214fc6402201f7fb55c65fd215b3324962fe6c"},
    {file = "pymongo-3.11.0-cp35-cp35m-manylinux2014_x86_64.whl", hash = "sha256:4437300eb3a5e9cc1a73b07d22c77302f872f339caca97e9bf8cf45eca8fa0d2"},
    {file = "pymongo-3.11.0-cp35-cp35m-win32.whl", hash = "sha256:d38b35f6eef4237b1d0d8e845fc1546dad85c55eba447e28c211da8c7ef9697c"},
    {file = "pymongo-3.11.0-cp35-cp35m-win_amd64.whl", hash = "sha256:137e6fa718c7eff270dbd2fc4b90d94b1a69c9e9eb3f3de9e850a7fd33c822dc"},
    {file = "pymongo-3.11.0-cp36-cp36m-macosx_10_9_x86_64.whl", hash = "sha256:c0d660a186e36c526366edf8a64391874fe53cf8b7039224137aee0163c046df"},
    {file = "pymongo-3.11.0-cp36-cp36m-manylinux1_i686.whl", hash = "sha256:d1b3366329c45a474b3bbc9b9c95d4c686e03f35da7fd12bc144626d1f2a7c04"},
    {file = "pymongo-3.11.0-cp36-cp36m-manylinux1_x86_64.whl", hash = "sha256:b7c522292407fa04d8195032493aac937e253ad9ae524aab43b9d9d242571f03"},
    {file = "pymongo-3.11.0-cp36-cp36m-manylinux2014_aarch64.whl", hash = "sha256:9755c726aa6788f076114dfdc03b92b03ff8860316cca00902cce88bcdb5fedd"},
    {file = "pymongo-3.11.0-cp36-cp36m-manylinux2014_i686.whl", hash = "sha256:50531caa7b4be1c4ed5e2d5793a4e51cc9bd62a919a6fd3299ef7c902e206eab"},
    {file = "pymongo-3.11.0-cp36-cp36m-manylinux2014_ppc64le.whl", hash = "sha256:cc4057f692ac35bbe82a0a908d42ce3a281c9e913290fac37d7fa3bd01307dfb"},
    {file = "pymongo-3.11.0-cp36-cp36m-manylinux2014_s390x.whl", hash = "sha256:213c445fe7e654621c6309e874627c35354b46ef3ee807f5a1927dc4b30e1a67"},
    {file = "pymongo-3.11.0-cp36-cp36m-manylinux2014_x86_64.whl", hash = "sha256:4ae23fbbe9eadf61279a26eba866bbf161a6f7e2ffad14a42cf20e9cb8e94166"},
    {file = "pymongo-3.11.0-cp36-cp36m-win32.whl", hash = "sha256:8deda1f7b4c03242f2a8037706d9584e703f3d8c74d6d9cac5833db36fe16c42"},
    {file = "pymongo-3.11.0-cp36-cp36m-win_amd64.whl", hash = "sha256:e8c446882cbb3774cd78c738c9f58220606b702b7c1655f1423357dc51674054"},
    {file = "pymongo-3.11.0-cp37-cp37m-macosx_10_9_x86_64.whl", hash = "sha256:d9de8427a5601799784eb0e7fa1b031aa64086ce04de29df775a8ca37eedac41"},
    {file = "pymongo-3.11.0-cp37-cp37m-manylinux1_i686.whl", hash = "sha256:3d9bb1ba935a90ec4809a8031efd988bdb13cdba05d9e9a3e9bf151bf759ecde"},
    {file = "pymongo-3.11.0-cp37-cp37m-manylinux1_x86_64.whl", hash = "sha256:96782ebb3c9e91e174c333208b272ea144ed2a684413afb1038e3b3342230d72"},
    {file = "pymongo-3.11.0-cp37-cp37m-manylinux2014_aarch64.whl", hash = "sha256:50127b13b38e8e586d5e97d342689405edbd74ad0bd891d97ee126a8c7b6e45f"},
    {file = "pymongo-3.11.0-cp37-cp37m-manylinux2014_i686.whl", hash = "sha256:bd312794f51e37dcf77f013d40650fe4fbb211dd55ef2863839c37480bd44369"},
    {file = "pymongo-3.11.0-cp37-cp37m-manylinux2014_ppc64le.whl", hash = "sha256:4797c0080f41eba90404335e5ded3aa66731d303293a675ff097ce4ea3025bb9"},
    {file = "pymongo-3.11.0-cp37-cp37m-manylinux2014_s390x.whl", hash = "sha256:1f865b1d1c191d785106f54df9abdc7d2f45a946b45fd1ea0a641b4f982a2a77"},
    {file = "pymongo-3.11.0-cp37-cp37m-manylinux2014_x86_64.whl", hash = "sha256:cccf1e7806f12300e3a3b48f219e111000c2538483e85c869c35c1ae591e6ce9"},
    {file = "pymongo-3.11.0-cp37-cp37m-win32.whl", hash = "sha256:05fcc6f9c60e6efe5219fbb5a30258adb3d3e5cbd317068f3d73c09727f2abb6"},
    {file = "pymongo-3.11.0-cp37-cp37m-win_amd64.whl", hash = "sha256:9dbab90c348c512e03f146e93a5e2610acec76df391043ecd46b6b775d5397e6"},
    {file = "pymongo-3.11.0-cp38-cp38-macosx_10_9_x86_64.whl", hash = "sha256:689142dc0c150e9cb7c012d84cac2c346d40beb891323afb6caf18ec4caafae0"},
    {file = "pymongo-3.11.0-cp38-cp38-manylinux1_i686.whl", hash = "sha256:4b32744901ee9990aa8cd488ec85634f443526def1e5190a407dc107148249d7"},
    {file = "pymongo-3.11.0-cp38-cp38-manylinux1_x86_64.whl", hash = "sha256:e6a15cf8f887d9f578dd49c6fb3a99d53e1d922fdd67a245a67488d77bf56eb2"},
    {file = "pymongo-3.11.0-cp38-cp38-manylinux2014_aarch64.whl", hash = "sha256:e8d188ee39bd0ffe76603da887706e4e7b471f613625899ddf1e27867dc6a0d3"},
    {file = "pymongo-3.11.0-cp38-cp38-manylinux2014_i686.whl", hash = "sha256:9ee0eef254e340cc11c379f797af3977992a7f2c176f1a658740c94bf677e13c"},
    {file = "pymongo-3.11.0-cp38-cp38-manylinux2014_ppc64le.whl", hash = "sha256:91e96bf85b7c07c827d339a386e8a3cf2e90ef098c42595227f729922d0851df"},
    {file = "pymongo-3.11.0-cp38-cp38-manylinux2014_s390x.whl", hash = "sha256:ce208f80f398522e49d9db789065c8ad2cd37b21bd6b23d30053474b7416af11"},
    {file = "pymongo-3.11.0-cp38-cp38-manylinux2014_x86_64.whl", hash = "sha256:475a34a0745c456ceffaec4ce86b7e0983478f1b6140890dff7b161e7bcd895b"},
    {file = "pymongo-3.11.0-cp38-cp38-win32.whl", hash = "sha256:40696a9a53faa7d85aaa6fd7bef1cae08f7882640bad08c350fb59dee7ad069b"},
    {file = "pymongo-3.11.0-cp38-cp38-win_amd64.whl", hash = "sha256:03dc64a9aa7a5d405aea5c56db95835f6a2fa31b3502c5af1760e0e99210be30"},
    {file = "pymongo-3.11.0-py2.7-macosx-10.15-x86_64.egg", hash = "sha256:63a5387e496a98170ffe638b435c0832c0f2011a6f4ff7a2880f17669fff8c03"},
    {file = "pymongo-3.11.0.tar.gz", hash = "sha256:076a7f2f7c251635cf6116ac8e45eefac77758ee5a77ab7bd2f63999e957613b"},
]
pyquery = [
    {file = "pyquery-1.4.1-py2.py3-none-any.whl", hash = "sha256:710eac327b87f15f74a95c3378c6ba62ef6fcfb0a6d009a7d33349c9f7e65835"},
    {file = "pyquery-1.4.1.tar.gz", hash = "sha256:8fcf77c72e3d602ce10a0bd4e65f57f0945c18e15627e49130c27172d4939d98"},
]
selenium = [
    {file = "selenium-3.141.0-py2.py3-none-any.whl", hash = "sha256:2d7131d7bc5a5b99a2d9b04aaf2612c411b03b8ca1b1ee8d3de5845a9be2cb3c"},
    {file = "selenium-3.141.0.tar.gz", hash = "sha256:deaf32b60ad91a4611b98d8002757f29e6f2c2d5fcaf202e1c9ad06d6772300d"},
]
simplejson = [
    {file = "simplejson-3.17.2-cp27-cp27m-macosx_10_13_x86_64.whl", hash = "sha256:2d3eab2c3fe52007d703a26f71cf649a8c771fcdd949a3ae73041ba6797cfcf8"},
    {file = "simplejson-3.17.2-cp27-cp27m-manylinux1_i686.whl", hash = "sha256:813846738277729d7db71b82176204abc7fdae2f566e2d9fcf874f9b6472e3e6"},
    {file = "simplejson-3.17.2-cp27-cp27m-manylinux1_x86_64.whl", hash = "sha256:292c2e3f53be314cc59853bd20a35bf1f965f3bc121e007ab6fd526ed412a85d"},
    {file = "simplejson-3.17.2-cp27-cp27m-manylinux2010_i686.whl", hash = "sha256:0dd9d9c738cb008bfc0862c9b8fa6743495c03a0ed543884bf92fb7d30f8d043"},
    {file = "simplejson-3.17.2-cp27-cp27m-manylinux2010_x86_64.whl", hash = "sha256:42b8b8dd0799f78e067e2aaae97e60d58a8f63582939af60abce4c48631a0aa4"},
    {file = "simplejson-3.17.2-cp27-cp27m-win32.whl", hash = "sha256:8042040af86a494a23c189b5aa0ea9433769cc029707833f261a79c98e3375f9"},
    {file = "simplejson-3.17.2-cp27-cp27m-win_amd64.whl", hash = "sha256:034550078a11664d77bc1a8364c90bb7eef0e44c2dbb1fd0a4d92e3997088667"},
    {file = "simplejson-3.17.2-cp27-cp27mu-manylinux1_i686.whl", hash = "sha256:fed0f22bf1313ff79c7fc318f7199d6c2f96d4de3234b2f12a1eab350e597c06"},
    {file = "simplejson-3.17.2-cp27-cp27mu-manylinux1_x86_64.whl", hash = "sha256:2e7b57c2c146f8e4dadf84977a83f7ee50da17c8861fd7faf694d55e3274784f"},
    {file = "simplejson-3.17.2-cp27-cp27mu-manylinux2010_i686.whl", hash = "sha256:da3c55cdc66cfc3fffb607db49a42448785ea2732f055ac1549b69dcb392663b"},
    {file = "simplejson-3.17.2-cp27-cp27mu-manylinux2010_x86_64.whl", hash = "sha256:c1cb29b1fced01f97e6d5631c3edc2dadb424d1f4421dad079cb13fc97acb42f"},
    {file = "simplejson-3.17.2-cp33-cp33m-win32.whl", hash = "sha256:8f713ea65958ef40049b6c45c40c206ab363db9591ff5a49d89b448933fa5746"},
    {file = "simplejson-3.17.2-cp33-cp33m-win_amd64.whl", hash = "sha256:344e2d920a7f27b4023c087ab539877a1e39ce8e3e90b867e0bfa97829824748"},
    {file = "simplejson-3.17.2-cp34-cp34m-win32.whl", hash = "sha256:05b43d568300c1cd43f95ff4bfcff984bc658aa001be91efb3bb21df9d6288d3"},
    {file = "simplejson-3.17.2-cp34-cp34m-win_amd64.whl", hash = "sha256:cff6453e25204d3369c47b97dd34783ca820611bd334779d22192da23784194b"},
    {file = "simplejson-3.17.2-cp35-cp35m-manylinux1_i686.whl", hash = "sha256:8acf76443cfb5c949b6e781c154278c059b09ac717d2757a830c869ba000cf8d"},
    {file = "simplejson-3.17.2-cp35-cp35m-manylinux1_x86_64.whl", hash = "sha256:869a183c8e44bc03be1b2bbcc9ec4338e37fa8557fc506bf6115887c1d3bb956"},
    {file = "simplejson-3.17.2-cp35-cp35m-manylinux2010_i686.whl", hash = "sha256:5c659a0efc80aaaba57fcd878855c8534ecb655a28ac8508885c50648e6e659d"},
    {file = "simplejson-3.17.2-cp35-cp35m-manylinux2010_x86_64.whl", hash = "sha256:72d8a3ffca19a901002d6b068cf746be85747571c6a7ba12cbcf427bfb4ed971"},
    {file = "simplejson-3.17.2-cp35-cp35m-manylinux2014_aarch64.whl", hash = "sha256:4b3442249d5e3893b90cb9f72c7d6ce4d2ea144d2c0d9f75b9ae1e5460f3121a"},
    {file = "simplejson-3.17.2-cp35-cp35m-win32.whl", hash = "sha256:e058c7656c44fb494a11443191e381355388443d543f6fc1a245d5d238544396"},
    {file = "simplejson-3.17.2-cp35-cp35m-win_amd64.whl", hash = "sha256:934115642c8ba9659b402c8bdbdedb48651fb94b576e3b3efd1ccb079609b04a"},
    {file = "simplejson-3.17.2-cp36-cp36m-macosx_10_13_x86_64.whl", hash = "sha256:ffd4e4877a78c84d693e491b223385e0271278f5f4e1476a4962dca6824ecfeb"},
    {file = "simplejson-3.17.2-cp36-cp36m-manylinux1_i686.whl", hash = "sha256:10fc250c3edea4abc15d930d77274ddb8df4803453dde7ad50c2f5565a18a4bb"},
    {file = "simplejson-3.17.2-cp36-cp36m-manylinux1_x86_64.whl", hash = "sha256:76ac9605bf2f6d9b56abf6f9da9047a8782574ad3531c82eae774947ae99cc3f"},
    {file = "simplejson-3.17.2-cp36-cp36m-manylinux2010_i686.whl", hash = "sha256:7f10f8ba9c1b1430addc7dd385fc322e221559d3ae49b812aebf57470ce8de45"},
    {file = "simplejson-3.17.2-cp36-cp36m-manylinux2010_x86_64.whl", hash = "sha256:bc00d1210567a4cdd215ac6e17dc00cb9893ee521cee701adfd0fa43f7c73139"},
    {file = "simplejson-3.17.2-cp36-cp36m-manylinux2014_aarch64.whl", hash = "sha256:af4868da7dd53296cd7630687161d53a7ebe2e63814234631445697bd7c29f46"},
    {file = "simplejson-3.17.2-cp36-cp36m-win32.whl", hash = "sha256:7d276f69bfc8c7ba6c717ba8deaf28f9d3c8450ff0aa8713f5a3280e232be16b"},
    {file = "simplejson-3.17.2-cp36-cp36m-win_amd64.whl", hash = "sha256:a55c76254d7cf8d4494bc508e7abb993a82a192d0db4552421e5139235604625"},
    {file = "simplejson-3.17.2-cp37-cp37m-macosx_10_14_x86_64.whl", hash = "sha256:9a2b7543559f8a1c9ed72724b549d8cc3515da7daf3e79813a15bdc4a769de25"},
    {file = "simplejson-3.17.2-cp37-cp37m-manylinux1_i686.whl", hash = "sha256:311f5dc2af07361725033b13cc3d0351de3da8bede3397d45650784c3f21fbcf"},
    {file = "simplejson-3.17.2-cp37-cp37m-manylinux1_x86_64.whl", hash = "sha256:2862beabfb9097a745a961426fe7daf66e1714151da8bb9a0c430dde3d59c7c0"},
    {file = "simplejson-3.17.2-cp37-cp37m-manylinux2010_i686.whl", hash = "sha256:afebfc3dd3520d37056f641969ce320b071bc7a0800639c71877b90d053e087f"},
    {file = "simplejson-3.17.2-cp37-cp37m-manylinux2010_x86_64.whl", hash = "sha256:d4813b30cb62d3b63ccc60dd12f2121780c7a3068db692daeb90f989877aaf04"},
    {file = "simplejson-3.17.2-cp37-cp37m-manylinux2014_aarch64.whl", hash = "sha256:3fabde09af43e0cbdee407555383063f8b45bfb52c361bc5da83fcffdb4fd278"},
    {file = "simplejson-3.17.2-cp37-cp37m-win32.whl", hash = "sha256:ceaa28a5bce8a46a130cd223e895080e258a88d51bf6e8de2fc54a6ef7e38c34"},
    {file = "simplejson-3.17.2-cp37-cp37m-win_amd64.whl", hash = "sha256:9551f23e09300a9a528f7af20e35c9f79686d46d646152a0c8fc41d2d074d9b0"},
    {file = "simplejson-3.17.2-cp38-cp38-macosx_10_14_x86_64.whl", hash = "sha256:c94dc64b1a389a416fc4218cd4799aa3756f25940cae33530a4f7f2f54f166da"},
    {file = "simplejson-3.17.2-cp38-cp38-manylinux1_i686.whl", hash = "sha256:b59aa298137ca74a744c1e6e22cfc0bf9dca3a2f41f51bc92eb05695155d905a"},
    {file = "simplejson-3.17.2-cp38-cp38-manylinux1_x86_64.whl", hash = "sha256:ad8f41c2357b73bc9e8606d2fa226233bf4d55d85a8982ecdfd55823a6959995"},
    {file = "simplejson-3.17.2-cp38-cp38-manylinux2010_i686.whl", hash = "sha256:845a14f6deb124a3bcb98a62def067a67462a000e0508f256f9c18eff5847efc"},
    {file = "simplejson-3.17.2-cp38-cp38-manylinux2010_x86_64.whl", hash = "sha256:d0b64409df09edb4c365d95004775c988259efe9be39697d7315c42b7a5e7e94"},
    {file = "simplejson-3.17.2-cp38-cp38-manylinux2014_aarch64.whl", hash = "sha256:55d65f9cc1b733d85ef95ab11f559cce55c7649a2160da2ac7a078534da676c8"},
    {file = "simplejson-3.17.2.tar.gz", hash = "sha256:75ecc79f26d99222a084fbdd1ce5aad3ac3a8bd535cd9059528452da38b68841"},
]
six = [
    {file = "six-1.15.0-py2.py3-none-any.whl", hash = "sha256:8b74bedcbbbaca38ff6d7491d76f2b06b3592611af620f8426e82dddb04a5ced"},
    {file = "six-1.15.0.tar.gz", hash = "sha256:30639c035cdb23534cd4aa2dd52c3bf48f06e5f4a941509c8bafd8ce11080259"},
]
urllib3 = [
    {file = "urllib3-1.25.10-py2.py3-none-any.whl", hash = "sha256:e7983572181f5e1522d9c98453462384ee92a0be7fac5f1413a1e35c56cc0461"},
    {file = "urllib3-1.25.10.tar.gz", hash = "sha256:91056c15fa70756691db97756772bb1eb9678fa585d9184f24534b100dc60f4a"},
]
wcwidth = [
    {file = "wcwidth-0.2.5-py2.py3-none-any.whl", hash = "sha256:beb4802a9cebb9144e99086eff703a642a13d6a0052920003a230f3294bbe784"},
    {file = "wcwidth-0.2.5.tar.gz", hash = "sha256:c4d647b99872929fdb7bdcaa4fbe7f01413ed3d98077df798530e5b04f116c83"},
]
werkzeug = [
    {file = "Werkzeug-1.0.1-py2.py3-none-any.whl", hash = "sha256:2de2a5db0baeae7b2d2664949077c2ac63fbd16d98da0ff71837f7d1dea3fd43"},
    {file = "Werkzeug-1.0.1.tar.gz", hash = "sha256:6c80b1e5ad3665290ea39320b91e1be1e0d5f60652b964a3070216de83d2e47c"},
]
win32-setctime = [
    {file = "win32_setctime-1.0.3-py3-none-any.whl", hash = "sha256:dc925662de0a6eb987f0b01f599c01a8236cb8c62831c22d9cada09ad958243e"},
    {file = "win32_setctime-1.0.3.tar.gz", hash = "sha256:4e88556c32fdf47f64165a2180ba4552f8bb32c1103a2fafd05723a0bd42bd4b"},
]
